
Microsoft Visual Studio Solution File, Format Version 12.00
# Visual Studio Version 17
VisualStudioVersion = 17.9.34723.18
MinimumVisualStudioVersion = 10.0.40219.1
Project("{FAE04EC0-301F-11D3-BF4B-00C04F79EFBC}") = "ZacharyHeng_Project", "ZacharyHeng_Project.csproj", "{EE231725-5E2A-4B7A-BBDB-584B3DD677B2}"
EndProject
Global
	GlobalSection(SolutionConfigurationPlatforms) = preSolution
		Debug|Any CPU = Debug|Any CPU
		Release|Any CPU = Release|Any CPU
	EndGlobalSection
	GlobalSection(ProjectConfigurationPlatforms) = postSolution
		{EE231725-5E2A-4B7A-BBDB-584B3DD677B2}.Debug|Any CPU.ActiveCfg = Debug|Any CPU
		{EE231725-5E2A-4B7A-BBDB-584B3DD677B2}.Debug|Any CPU.Build.0 = Debug|Any CPU
		{EE231725-5E2A-4B7A-BBDB-584B3DD677B2}.Release|Any CPU.ActiveCfg = Release|Any CPU
		{EE231725-5E2A-4B7A-BBDB-584B3DD677B2}.Release|Any CPU.Build.0 = Release|Any CPU
	EndGlobalSection
	GlobalSection(SolutionProperties) = preSolution
		HideSolutionNode = FALSE
	EndGlobalSection
	GlobalSection(ExtensibilityGlobals) = postSolution
		SolutionGuid = {94D4F26A-5E5F-4871-9DD6-8FAAB307BAD9}
	EndGlobalSection
EndGlobal
